
Microsoft Visual Studio Solution File, Format Version 12.00
# Visual Studio 14
VisualStudioVersion = 14.0.24720.0
MinimumVisualStudioVersion = 10.0.40219.1
Project("{FAE04EC0-301F-11D3-BF4B-00C04F79EFBC}") = "UltrasoundTracking", "UltrasoundTracking\UltrasoundTracking.csproj", "{7394FE08-F80C-4E42-B594-8E4B5AC42A9F}"
EndProject
Project("{FAE04EC0-301F-11D3-BF4B-00C04F79EFBC}") = "UDPPhotonClient", "UDPPhotonClient\UDPPhotonClient.csproj", "{7A807EF6-4F28-4A5D-92FF-740228F1ACDF}"
EndProject
Project("{FAE04EC0-301F-11D3-BF4B-00C04F79EFBC}") = "UDPPhotonLibrary", "UDPPhotonLibrary\UDPPhotonLibrary.csproj", "{F9B6BEBD-00BF-4536-87C1-6CEA350D04D3}"
EndProject
Project("{FAE04EC0-301F-11D3-BF4B-00C04F79EFBC}") = "WPFColorPickerLib", "WPFColorPicker\WPFColorPickerLib\WPFColorPickerLib.csproj", "{587ACFBA-1A74-4A38-98C4-69442ECCB7DC}"
EndProject
Global
	GlobalSection(SolutionConfigurationPlatforms) = preSolution
		Debug|Any CPU = Debug|Any CPU
		Release|Any CPU = Release|Any CPU
	EndGlobalSection
	GlobalSection(ProjectConfigurationPlatforms) = postSolution
		{7394FE08-F80C-4E42-B594-8E4B5AC42A9F}.Debug|Any CPU.ActiveCfg = Debug|Any CPU
		{7394FE08-F80C-4E42-B594-8E4B5AC42A9F}.Debug|Any CPU.Build.0 = Debug|Any CPU
		{7394FE08-F80C-4E42-B594-8E4B5AC42A9F}.Release|Any CPU.ActiveCfg = Release|Any CPU
		{7394FE08-F80C-4E42-B594-8E4B5AC42A9F}.Release|Any CPU.Build.0 = Release|Any CPU
		{7A807EF6-4F28-4A5D-92FF-740228F1ACDF}.Debug|Any CPU.ActiveCfg = Debug|Any CPU
		{7A807EF6-4F28-4A5D-92FF-740228F1ACDF}.Debug|Any CPU.Build.0 = Debug|Any CPU
		{7A807EF6-4F28-4A5D-92FF-740228F1ACDF}.Release|Any CPU.ActiveCfg = Release|Any CPU
		{7A807EF6-4F28-4A5D-92FF-740228F1ACDF}.Release|Any CPU.Build.0 = Release|Any CPU
		{F9B6BEBD-00BF-4536-87C1-6CEA350D04D3}.Debug|Any CPU.ActiveCfg = Debug|Any CPU
		{F9B6BEBD-00BF-4536-87C1-6CEA350D04D3}.Debug|Any CPU.Build.0 = Debug|Any CPU
		{F9B6BEBD-00BF-4536-87C1-6CEA350D04D3}.Release|Any CPU.ActiveCfg = Release|Any CPU
		{F9B6BEBD-00BF-4536-87C1-6CEA350D04D3}.Release|Any CPU.Build.0 = Release|Any CPU
		{587ACFBA-1A74-4A38-98C4-69442ECCB7DC}.Debug|Any CPU.ActiveCfg = Debug|Any CPU
		{587ACFBA-1A74-4A38-98C4-69442ECCB7DC}.Debug|Any CPU.Build.0 = Debug|Any CPU
		{587ACFBA-1A74-4A38-98C4-69442ECCB7DC}.Release|Any CPU.ActiveCfg = Release|Any CPU
		{587ACFBA-1A74-4A38-98C4-69442ECCB7DC}.Release|Any CPU.Build.0 = Release|Any CPU
	EndGlobalSection
	GlobalSection(SolutionProperties) = preSolution
		HideSolutionNode = FALSE
	EndGlobalSection
EndGlobal
